{
	"name": "conbo-routenavigator",
	"version": "0.0.1",
	"lockfileVersion": 1,
	"requires": true,
	"dependencies": {
		"conbo": {
			"version": "4.3.8",
			"resolved": "https://registry.npmjs.org/conbo/-/conbo-4.3.8.tgz",
			"integrity": "sha512-pFtbQfPNmbxDDapvKkKMnQRHVgujsbTXLyQLQ2CHtxyGJ48Q1ApBoF4osABq6gmIHYvQelYiUaLlpZbLqbEOPw=="
		},
		"conbo-viewnavigator": {
			"version": "1.0.2",
			"resolved": "https://registry.npmjs.org/conbo-viewnavigator/-/conbo-viewnavigator-1.0.2.tgz",
			"integrity": "sha512-U+F+xvq4JlbXrNdBAvtx0tvrNGBXxc5z8rt93yM6YiJQIutucDxksFMOXHaos4lQOIwbMJwBLA7CQuwt1xi5tw==",
			"requires": {
				"conbo": "^4.3.4"
			}
		}
	}
}
