{
	"name": "conbo-routenavigator",
	"version": "0.1.0",
	"lockfileVersion": 1,
	"requires": true,
	"dependencies": {
		"conbo": {
			"version": "4.3.29",
			"resolved": "https://registry.npmjs.org/conbo/-/conbo-4.3.29.tgz",
			"integrity": "sha512-mD0Q9r1PT1GWefjmR/4pwDQ36SgRISc9QNGeL3pYWD9FqRRhMKyxt62rY+U0I+EHT6nHpp3PDs/xNlCWffAb4Q=="
		},
		"conbo-viewnavigator": {
			"version": "1.2.1",
			"resolved": "https://registry.npmjs.org/conbo-viewnavigator/-/conbo-viewnavigator-1.2.1.tgz",
			"integrity": "sha512-ZTDF5bkArvIM++wzlZVQM3dxfzmO/vK1YFpIMTkjOXIKpgJMH1D9ODHNmXbEwqsqfiUcF/9lqFz41V4oNkBCjQ==",
			"requires": {
				"conbo": "^4.3.29"
			}
		}
	}
}
